
Microsoft Visual Studio Solution File, Format Version 12.00
# Visual Studio 15
VisualStudioVersion = 15.0.28307.902
MinimumVisualStudioVersion = 10.0.40219.1
Project("{FAE04EC0-301F-11D3-BF4B-00C04F79EFBC}") = "ExercicioConjuntos", "ExercicioConjuntos\ExercicioConjuntos.csproj", "{3975654A-E58C-4B83-9620-06EC9DBEADE9}"
EndProject
Global
	GlobalSection(SolutionConfigurationPlatforms) = preSolution
		Debug|Any CPU = Debug|Any CPU
		Release|Any CPU = Release|Any CPU
	EndGlobalSection
	GlobalSection(ProjectConfigurationPlatforms) = postSolution
		{3975654A-E58C-4B83-9620-06EC9DBEADE9}.Debug|Any CPU.ActiveCfg = Debug|Any CPU
		{3975654A-E58C-4B83-9620-06EC9DBEADE9}.Debug|Any CPU.Build.0 = Debug|Any CPU
		{3975654A-E58C-4B83-9620-06EC9DBEADE9}.Release|Any CPU.ActiveCfg = Release|Any CPU
		{3975654A-E58C-4B83-9620-06EC9DBEADE9}.Release|Any CPU.Build.0 = Release|Any CPU
	EndGlobalSection
	GlobalSection(SolutionProperties) = preSolution
		HideSolutionNode = FALSE
	EndGlobalSection
	GlobalSection(ExtensibilityGlobals) = postSolution
		SolutionGuid = {20619625-A885-4470-8B85-2B8AD445EB0A}
	EndGlobalSection
EndGlobal
